
Microsoft Visual Studio Solution File, Format Version 12.00
# Visual Studio Version 17
VisualStudioVersion = 17.14.36429.23 d17.14
MinimumVisualStudioVersion = 10.0.40219.1
Project("{FAE04EC0-301F-11D3-BF4B-00C04F79EFBC}") = "Sleptify.Shell", "Sleptify.Shell.csproj", "{18A52B38-DF46-FB33-464C-2FCB3F7C609E}"
EndProject
Global
	GlobalSection(SolutionConfigurationPlatforms) = preSolution
		Debug|Any CPU = Debug|Any CPU
		Release|Any CPU = Release|Any CPU
	EndGlobalSection
	GlobalSection(ProjectConfigurationPlatforms) = postSolution
		{18A52B38-DF46-FB33-464C-2FCB3F7C609E}.Debug|Any CPU.ActiveCfg = Debug|Any CPU
		{18A52B38-DF46-FB33-464C-2FCB3F7C609E}.Debug|Any CPU.Build.0 = Debug|Any CPU
		{18A52B38-DF46-FB33-464C-2FCB3F7C609E}.Release|Any CPU.ActiveCfg = Release|Any CPU
		{18A52B38-DF46-FB33-464C-2FCB3F7C609E}.Release|Any CPU.Build.0 = Release|Any CPU
	EndGlobalSection
	GlobalSection(SolutionProperties) = preSolution
		HideSolutionNode = FALSE
	EndGlobalSection
	GlobalSection(ExtensibilityGlobals) = postSolution
		SolutionGuid = {C12E5859-48BC-46E5-834A-C67E9A52C512}
	EndGlobalSection
EndGlobal
